// !$*UTF8*$!
{
	archiveVersion = 1;
	classes = {
	};
	objectVersion = 46;
	objects = {

/* Begin PBXBuildFile section */
		A23330961AE40E5700BE7F11 /* NHGCountdown.h in CopyFiles */ = {isa = PBXBuildFile; fileRef = A23330951AE40E5700BE7F11 /* NHGCountdown.h */; };
		A23330981AE40E5700BE7F11 /* NHGCountdown.m in Sources */ = {isa = PBXBuildFile; fileRef = A23330971AE40E5700BE7F11 /* NHGCountdown.m */; };
		A23330AE1AE40F5500BE7F11 /* NHGBlockCountdown.m in Sources */ = {isa = PBXBuildFile; fileRef = A23330AD1AE40F5500BE7F11 /* NHGBlockCountdown.m */; };
/* End PBXBuildFile section */

/* Begin PBXCopyFilesBuildPhase section */
		A23330901AE40E5700BE7F11 /* CopyFiles */ = {
			isa = PBXCopyFilesBuildPhase;
			buildActionMask = 2147483647;
			dstPath = "include/$(PRODUCT_NAME)";
			dstSubfolderSpec = 16;
			files = (
				A23330961AE40E5700BE7F11 /* NHGCountdown.h in CopyFiles */,
			);
			runOnlyForDeploymentPostprocessing = 0;
		};
/* End PBXCopyFilesBuildPhase section */

/* Begin PBXFileReference section */
		A23330921AE40E5700BE7F11 /* libNHGCountdown.a */ = {isa = PBXFileReference; explicitFileType = archive.ar; includeInIndex = 0; path = libNHGCountdown.a; sourceTree = BUILT_PRODUCTS_DIR; };
		A23330951AE40E5700BE7F11 /* NHGCountdown.h */ = {isa = PBXFileReference; lastKnownFileType = sourcecode.c.h; path = NHGCountdown.h; sourceTree = "<group>"; };
		A23330971AE40E5700BE7F11 /* NHGCountdown.m */ = {isa = PBXFileReference; lastKnownFileType = sourcecode.c.objc; path = NHGCountdown.m; sourceTree = "<group>"; };
		A23330AC1AE40F5500BE7F11 /* NHGBlockCountdown.h */ = {isa = PBXFileReference; fileEncoding = 4; lastKnownFileType = sourcecode.c.h; path = NHGBlockCountdown.h; sourceTree = "<group>"; };
		A23330AD1AE40F5500BE7F11 /* NHGBlockCountdown.m */ = {isa = PBXFileReference; fileEncoding = 4; lastKnownFileType = sourcecode.c.objc; path = NHGBlockCountdown.m; sourceTree = "<group>"; };
/* End PBXFileReference section */

/* Begin PBXFrameworksBuildPhase section */
		A233308F1AE40E5700BE7F11 /* Frameworks */ = {
			isa = PBXFrameworksBuildPhase;
			buildActionMask = 2147483647;
			files = (
			);
			runOnlyForDeploymentPostprocessing = 0;
		};
/* End PBXFrameworksBuildPhase section */

/* Begin PBXGroup section */
		A23330891AE40E5600BE7F11 = {
			isa = PBXGroup;
			children = (
				A23330941AE40E5700BE7F11 /* NHGCountdown */,
				A23330931AE40E5700BE7F11 /* Products */,
			);
			sourceTree = "<group>";
		};
		A23330931AE40E5700BE7F11 /* Products */ = {
			isa = PBXGroup;
			children = (
				A23330921AE40E5700BE7F11 /* libNHGCountdown.a */,
			);
			name = Products;
			sourceTree = "<group>";
		};
		A23330941AE40E5700BE7F11 /* NHGCountdown */ = {
			isa = PBXGroup;
			children = (
				A23330951AE40E5700BE7F11 /* NHGCountdown.h */,
				A23330971AE40E5700BE7F11 /* NHGCountdown.m */,
				A23330AC1AE40F5500BE7F11 /* NHGBlockCountdown.h */,
				A23330AD1AE40F5500BE7F11 /* NHGBlockCountdown.m */,
			);
			path = NHGCountdown;
			sourceTree = "<group>";
		};
/* End PBXGroup section */

/* Begin PBXNativeTarget section */
		A23330911AE40E5700BE7F11 /* NHGCountdown */ = {
			isa = PBXNativeTarget;
			buildConfigurationList = A23330A61AE40E5700BE7F11 /* Build configuration list for PBXNativeTarget "NHGCountdown" */;
			buildPhases = (
				A233308E1AE40E5700BE7F11 /* Sources */,
				A233308F1AE40E5700BE7F11 /* Frameworks */,
				A23330901AE40E5700BE7F11 /* CopyFiles */,
			);
			buildRules = (
			);
			dependencies = (
			);
			name = NHGCountdown;
			productName = NHGCountdown;
			productReference = A23330921AE40E5700BE7F11 /* libNHGCountdown.a */;
			productType = "com.apple.product-type.library.static";
		};
/* End PBXNativeTarget section */

/* Begin PBXProject section */
		A233308A1AE40E5600BE7F11 /* Project object */ = {
			isa = PBXProject;
			attributes = {
				LastUpgradeCheck = 0630;
				ORGANIZATIONNAME = nhg;
				TargetAttributes = {
					A23330911AE40E5700BE7F11 = {
						CreatedOnToolsVersion = 6.3;
					};
				};
			};
			buildConfigurationList = A233308D1AE40E5600BE7F11 /* Build configuration list for PBXProject "NHGCountdown" */;
			compatibilityVersion = "Xcode 3.2";
			developmentRegion = English;
			hasScannedForEncodings = 0;
			knownRegions = (
				en,
			);
			mainGroup = A23330891AE40E5600BE7F11;
			productRefGroup = A23330931AE40E5700BE7F11 /* Products */;
			projectDirPath = "";
			projectRoot = "";
			targets = (
				A23330911AE40E5700BE7F11 /* NHGCountdown */,
			);
		};
/* End PBXProject section */

/* Begin PBXSourcesBuildPhase section */
		A233308E1AE40E5700BE7F11 /* Sources */ = {
			isa = PBXSourcesBuildPhase;
			buildActionMask = 2147483647;
			files = (
				A23330981AE40E5700BE7F11 /* NHGCountdown.m in Sources */,
				A23330AE1AE40F5500BE7F11 /* NHGBlockCountdown.m in Sources */,
			);
			runOnlyForDeploymentPostprocessing = 0;
		};
/* End PBXSourcesBuildPhase section */

/* Begin XCBuildConfiguration section */
		A23330A41AE40E5700BE7F11 /* Debug */ = {
			isa = XCBuildConfiguration;
			buildSettings = {
				ALWAYS_SEARCH_USER_PATHS = NO;
				CLANG_CXX_LANGUAGE_STANDARD = "gnu++0x";
				CLANG_CXX_LIBRARY = "libc++";
				CLANG_ENABLE_MODULES = YES;
				CLANG_ENABLE_OBJC_ARC = YES;
				CLANG_WARN_BOOL_CONVERSION = YES;
				CLANG_WARN_CONSTANT_CONVERSION = YES;
				CLANG_WARN_DIRECT_OBJC_ISA_USAGE = YES_ERROR;
				CLANG_WARN_EMPTY_BODY = YES;
				CLANG_WARN_ENUM_CONVERSION = YES;
				CLANG_WARN_INT_CONVERSION = YES;
				CLANG_WARN_OBJC_ROOT_CLASS = YES_ERROR;
				CLANG_WARN_UNREACHABLE_CODE = YES;
				CLANG_WARN__DUPLICATE_METHOD_MATCH = YES;
				COPY_PHASE_STRIP = NO;
				DEBUG_INFORMATION_FORMAT = "dwarf-with-dsym";
				ENABLE_STRICT_OBJC_MSGSEND = YES;
				GCC_C_LANGUAGE_STANDARD = gnu99;
				GCC_DYNAMIC_NO_PIC = NO;
				GCC_NO_COMMON_BLOCKS = YES;
				GCC_OPTIMIZATION_LEVEL = 0;
				GCC_PREPROCESSOR_DEFINITIONS = (
					"DEBUG=1",
					"$(inherited)",
				);
				GCC_SYMBOLS_PRIVATE_EXTERN = NO;
				GCC_WARN_64_TO_32_BIT_CONVERSION = YES;
				GCC_WARN_ABOUT_RETURN_TYPE = YES_ERROR;
				GCC_WARN_UNDECLARED_SELECTOR = YES;
				GCC_WARN_UNINITIALIZED_AUTOS = YES_AGGRESSIVE;
				GCC_WARN_UNUSED_FUNCTION = YES;
				GCC_WARN_UNUSED_VARIABLE = YES;
				IPHONEOS_DEPLOYMENT_TARGET = 8.3;
				MTL_ENABLE_DEBUG_INFO = YES;
				ONLY_ACTIVE_ARCH = YES;
				SDKROOT = iphoneos;
			};
			name = Debug;
		};
		A23330A51AE40E5700BE7F11 /* Release */ = {
			isa = XCBuildConfiguration;
			buildSettings = {
				ALWAYS_SEARCH_USER_PATHS = NO;
				CLANG_CXX_LANGUAGE_STANDARD = "gnu++0x";
				CLANG_CXX_LIBRARY = "libc++";
				CLANG_ENABLE_MODULES = YES;
				CLANG_ENABLE_OBJC_ARC = YES;
				CLANG_WARN_BOOL_CONVERSION = YES;
				CLANG_WARN_CONSTANT_CONVERSION = YES;
				CLANG_WARN_DIRECT_OBJC_ISA_USAGE = YES_ERROR;
				CLANG_WARN_EMPTY_BODY = YES;
				CLANG_WARN_ENUM_CONVERSION = YES;
				CLANG_WARN_INT_CONVERSION = YES;
				CLANG_WARN_OBJC_ROOT_CLASS = YES_ERROR;
				CLANG_WARN_UNREACHABLE_CODE = YES;
				CLANG_WARN__DUPLICATE_METHOD_MATCH = YES;
				COPY_PHASE_STRIP = NO;
				DEBUG_INFORMATION_FORMAT = "dwarf-with-dsym";
				ENABLE_NS_ASSERTIONS = NO;
				ENABLE_STRICT_OBJC_MSGSEND = YES;
				GCC_C_LANGUAGE_STANDARD = gnu99;
				GCC_NO_COMMON_BLOCKS = YES;
				GCC_WARN_64_TO_32_BIT_CONVERSION = YES;
				GCC_WARN_ABOUT_RETURN_TYPE = YES_ERROR;
				GCC_WARN_UNDECLARED_SELECTOR = YES;
				GCC_WARN_UNINITIALIZED_AUTOS = YES_AGGRESSIVE;
				GCC_WARN_UNUSED_FUNCTION = YES;
				GCC_WARN_UNUSED_VARIABLE = YES;
				IPHONEOS_DEPLOYMENT_TARGET = 8.3;
				MTL_ENABLE_DEBUG_INFO = NO;
				SDKROOT = iphoneos;
				VALIDATE_PRODUCT = YES;
			};
			name = Release;
		};
		A23330A71AE40E5700BE7F11 /* Debug */ = {
			isa = XCBuildConfiguration;
			buildSettings = {
				OTHER_LDFLAGS = "-ObjC";
				PRODUCT_NAME = "$(TARGET_NAME)";
				SKIP_INSTALL = YES;
			};
			name = Debug;
		};
		A23330A81AE40E5700BE7F11 /* Release */ = {
			isa = XCBuildConfiguration;
			buildSettings = {
				OTHER_LDFLAGS = "-ObjC";
				PRODUCT_NAME = "$(TARGET_NAME)";
				SKIP_INSTALL = YES;
			};
			name = Release;
		};
/* End XCBuildConfiguration section */

/* Begin XCConfigurationList section */
		A233308D1AE40E5600BE7F11 /* Build configuration list for PBXProject "NHGCountdown" */ = {
			isa = XCConfigurationList;
			buildConfigurations = (
				A23330A41AE40E5700BE7F11 /* Debug */,
				A23330A51AE40E5700BE7F11 /* Release */,
			);
			defaultConfigurationIsVisible = 0;
			defaultConfigurationName = Release;
		};
		A23330A61AE40E5700BE7F11 /* Build configuration list for PBXNativeTarget "NHGCountdown" */ = {
			isa = XCConfigurationList;
			buildConfigurations = (
				A23330A71AE40E5700BE7F11 /* Debug */,
				A23330A81AE40E5700BE7F11 /* Release */,
			);
			defaultConfigurationIsVisible = 0;
		};
/* End XCConfigurationList section */
	};
	rootObject = A233308A1AE40E5600BE7F11 /* Project object */;
}
